// !$*UTF8*$!
{
	archiveVersion = 1;
	classes = {
	};
	objectVersion = 46;
	objects = {

/* Begin PBXBuildFile section */
		6C8B2F561DE29D5A0003C1BF /* AppDelegate.swift in Sources */ = {isa = PBXBuildFile; fileRef = 6C8B2F551DE29D5A0003C1BF /* AppDelegate.swift */; };
		6C8B2F581DE29D5A0003C1BF /* ViewController.swift in Sources */ = {isa = PBXBuildFile; fileRef = 6C8B2F571DE29D5A0003C1BF /* ViewController.swift */; };
		6C8B2F5B1DE29D5A0003C1BF /* Main.storyboard in Resources */ = {isa = PBXBuildFile; fileRef = 6C8B2F591DE29D5A0003C1BF /* Main.storyboard */; };
		6C8B2F5D1DE29D5A0003C1BF /* Assets.xcassets in Resources */ = {isa = PBXBuildFile; fileRef = 6C8B2F5C1DE29D5A0003C1BF /* Assets.xcassets */; };
		6C8B2F601DE29D5A0003C1BF /* LaunchScreen.storyboard in Resources */ = {isa = PBXBuildFile; fileRef = 6C8B2F5E1DE29D5A0003C1BF /* LaunchScreen.storyboard */; };
/* End PBXBuildFile section */

/* Begin PBXFileReference section */
		6C8B2F521DE29D5A0003C1BF /* BlogAnimatedArrow.app */ = {isa = PBXFileReference; explicitFileType = wrapper.application; includeInIndex = 0; path = BlogAnimatedArrow.app; sourceTree = BUILT_PRODUCTS_DIR; };
		6C8B2F551DE29D5A0003C1BF /* AppDelegate.swift */ = {isa = PBXFileReference; lastKnownFileType = sourcecode.swift; path = AppDelegate.swift; sourceTree = "<group>"; };
		6C8B2F571DE29D5A0003C1BF /* ViewController.swift */ = {isa = PBXFileReference; lastKnownFileType = sourcecode.swift; path = ViewController.swift; sourceTree = "<group>"; };
		6C8B2F5A1DE29D5A0003C1BF /* Base */ = {isa = PBXFileReference; lastKnownFileType = file.storyboard; name = Base; path = Base.lproj/Main.storyboard; sourceTree = "<group>"; };
		6C8B2F5C1DE29D5A0003C1BF /* Assets.xcassets */ = {isa = PBXFileReference; lastKnownFileType = folder.assetcatalog; path = Assets.xcassets; sourceTree = "<group>"; };
		6C8B2F5F1DE29D5A0003C1BF /* Base */ = {isa = PBXFileReference; lastKnownFileType = file.storyboard; name = Base; path = Base.lproj/LaunchScreen.storyboard; sourceTree = "<group>"; };
		6C8B2F611DE29D5A0003C1BF /* Info.plist */ = {isa = PBXFileReference; lastKnownFileType = text.plist.xml; path = Info.plist; sourceTree = "<group>"; };
/* End PBXFileReference section */

/* Begin PBXFrameworksBuildPhase section */
		6C8B2F4F1DE29D5A0003C1BF /* Frameworks */ = {
			isa = PBXFrameworksBuildPhase;
			buildActionMask = 2147483647;
			files = (
			);
			runOnlyForDeploymentPostprocessing = 0;
		};
/* End PBXFrameworksBuildPhase section */

/* Begin PBXGroup section */
		6C8B2F491DE29D5A0003C1BF = {
			isa = PBXGroup;
			children = (
				6C8B2F541DE29D5A0003C1BF /* BlogAnimatedArrow */,
				6C8B2F531DE29D5A0003C1BF /* Products */,
			);
			sourceTree = "<group>";
		};
		6C8B2F531DE29D5A0003C1BF /* Products */ = {
			isa = PBXGroup;
			children = (
				6C8B2F521DE29D5A0003C1BF /* BlogAnimatedArrow.app */,
			);
			name = Products;
			sourceTree = "<group>";
		};
		6C8B2F541DE29D5A0003C1BF /* BlogAnimatedArrow */ = {
			isa = PBXGroup;
			children = (
				6C8B2F551DE29D5A0003C1BF /* AppDelegate.swift */,
				6C8B2F571DE29D5A0003C1BF /* ViewController.swift */,
				6C8B2F591DE29D5A0003C1BF /* Main.storyboard */,
				6C8B2F5C1DE29D5A0003C1BF /* Assets.xcassets */,
				6C8B2F5E1DE29D5A0003C1BF /* LaunchScreen.storyboard */,
				6C8B2F611DE29D5A0003C1BF /* Info.plist */,
			);
			path = BlogAnimatedArrow;
			sourceTree = "<group>";
		};
/* End PBXGroup section */

/* Begin PBXNativeTarget section */
		6C8B2F511DE29D5A0003C1BF /* BlogAnimatedArrow */ = {
			isa = PBXNativeTarget;
			buildConfigurationList = 6C8B2F641DE29D5A0003C1BF /* Build configuration list for PBXNativeTarget "BlogAnimatedArrow" */;
			buildPhases = (
				6C8B2F4E1DE29D5A0003C1BF /* Sources */,
				6C8B2F4F1DE29D5A0003C1BF /* Frameworks */,
				6C8B2F501DE29D5A0003C1BF /* Resources */,
			);
			buildRules = (
			);
			dependencies = (
			);
			name = BlogAnimatedArrow;
			productName = BlogAnimatedArrow;
			productReference = 6C8B2F521DE29D5A0003C1BF /* BlogAnimatedArrow.app */;
			productType = "com.apple.product-type.application";
		};
/* End PBXNativeTarget section */

/* Begin PBXProject section */
		6C8B2F4A1DE29D5A0003C1BF /* Project object */ = {
			isa = PBXProject;
			attributes = {
				LastSwiftUpdateCheck = 0810;
				LastUpgradeCheck = 0810;
				ORGANIZATIONNAME = stephenw;
				TargetAttributes = {
					6C8B2F511DE29D5A0003C1BF = {
						CreatedOnToolsVersion = 8.1;
						ProvisioningStyle = Automatic;
					};
				};
			};
			buildConfigurationList = 6C8B2F4D1DE29D5A0003C1BF /* Build configuration list for PBXProject "BlogAnimatedArrow" */;
			compatibilityVersion = "Xcode 3.2";
			developmentRegion = English;
			hasScannedForEncodings = 0;
			knownRegions = (
				en,
				Base,
			);
			mainGroup = 6C8B2F491DE29D5A0003C1BF;
			productRefGroup = 6C8B2F531DE29D5A0003C1BF /* Products */;
			projectDirPath = "";
			projectRoot = "";
			targets = (
				6C8B2F511DE29D5A0003C1BF /* BlogAnimatedArrow */,
			);
		};
/* End PBXProject section */

/* Begin PBXResourcesBuildPhase section */
		6C8B2F501DE29D5A0003C1BF /* Resources */ = {
			isa = PBXResourcesBuildPhase;
			buildActionMask = 2147483647;
			files = (
				6C8B2F601DE29D5A0003C1BF /* LaunchScreen.storyboard in Resources */,
				6C8B2F5D1DE29D5A0003C1BF /* Assets.xcassets in Resources */,
				6C8B2F5B1DE29D5A0003C1BF /* Main.storyboard in Resources */,
			);
			runOnlyForDeploymentPostprocessing = 0;
		};
/* End PBXResourcesBuildPhase section */

/* Begin PBXSourcesBuildPhase section */
		6C8B2F4E1DE29D5A0003C1BF /* Sources */ = {
			isa = PBXSourcesBuildPhase;
			buildActionMask = 2147483647;
			files = (
				6C8B2F581DE29D5A0003C1BF /* ViewController.swift in Sources */,
				6C8B2F561DE29D5A0003C1BF /* AppDelegate.swift in Sources */,
			);
			runOnlyForDeploymentPostprocessing = 0;
		};
/* End PBXSourcesBuildPhase section */

/* Begin PBXVariantGroup section */
		6C8B2F591DE29D5A0003C1BF /* Main.storyboard */ = {
			isa = PBXVariantGroup;
			children = (
				6C8B2F5A1DE29D5A0003C1BF /* Base */,
			);
			name = Main.storyboard;
			sourceTree = "<group>";
		};
		6C8B2F5E1DE29D5A0003C1BF /* LaunchScreen.storyboard */ = {
			isa = PBXVariantGroup;
			children = (
				6C8B2F5F1DE29D5A0003C1BF /* Base */,
			);
			name = LaunchScreen.storyboard;
			sourceTree = "<group>";
		};
/* End PBXVariantGroup section */

/* Begin XCBuildConfiguration section */
		6C8B2F621DE29D5A0003C1BF /* Debug */ = {
			isa = XCBuildConfiguration;
			buildSettings = {
				ALWAYS_SEARCH_USER_PATHS = NO;
				CLANG_ANALYZER_NONNULL = YES;
				CLANG_CXX_LANGUAGE_STANDARD = "gnu++0x";
				CLANG_CXX_LIBRARY = "libc++";
				CLANG_ENABLE_MODULES = YES;
				CLANG_ENABLE_OBJC_ARC = YES;
				CLANG_WARN_BOOL_CONVERSION = YES;
				CLANG_WARN_CONSTANT_CONVERSION = YES;
				CLANG_WARN_DIRECT_OBJC_ISA_USAGE = YES_ERROR;
				CLANG_WARN_DOCUMENTATION_COMMENTS = YES;
				CLANG_WARN_EMPTY_BODY = YES;
				CLANG_WARN_ENUM_CONVERSION = YES;
				CLANG_WARN_INFINITE_RECURSION = YES;
				CLANG_WARN_INT_CONVERSION = YES;
				CLANG_WARN_OBJC_ROOT_CLASS = YES_ERROR;
				CLANG_WARN_SUSPICIOUS_MOVES = YES;
				CLANG_WARN_UNREACHABLE_CODE = YES;
				CLANG_WARN__DUPLICATE_METHOD_MATCH = YES;
				"CODE_SIGN_IDENTITY[sdk=iphoneos*]" = "iPhone Developer";
				COPY_PHASE_STRIP = NO;
				DEBUG_INFORMATION_FORMAT = dwarf;
				ENABLE_STRICT_OBJC_MSGSEND = YES;
				ENABLE_TESTABILITY = YES;
				GCC_C_LANGUAGE_STANDARD = gnu99;
				GCC_DYNAMIC_NO_PIC = NO;
				GCC_NO_COMMON_BLOCKS = YES;
				GCC_OPTIMIZATION_LEVEL = 0;
				GCC_PREPROCESSOR_DEFINITIONS = (
					"DEBUG=1",
					"$(inherited)",
				);
				GCC_WARN_64_TO_32_BIT_CONVERSION = YES;
				GCC_WARN_ABOUT_RETURN_TYPE = YES_ERROR;
				GCC_WARN_UNDECLARED_SELECTOR = YES;
				GCC_WARN_UNINITIALIZED_AUTOS = YES_AGGRESSIVE;
				GCC_WARN_UNUSED_FUNCTION = YES;
				GCC_WARN_UNUSED_VARIABLE = YES;
				IPHONEOS_DEPLOYMENT_TARGET = 10.1;
				MTL_ENABLE_DEBUG_INFO = YES;
				ONLY_ACTIVE_ARCH = YES;
				SDKROOT = iphoneos;
				SWIFT_ACTIVE_COMPILATION_CONDITIONS = DEBUG;
				SWIFT_OPTIMIZATION_LEVEL = "-Onone";
			};
			name = Debug;
		};
		6C8B2F631DE29D5A0003C1BF /* Release */ = {
			isa = XCBuildConfiguration;
			buildSettings = {
				ALWAYS_SEARCH_USER_PATHS = NO;
				CLANG_ANALYZER_NONNULL = YES;
				CLANG_CXX_LANGUAGE_STANDARD = "gnu++0x";
				CLANG_CXX_LIBRARY = "libc++";
				CLANG_ENABLE_MODULES = YES;
				CLANG_ENABLE_OBJC_ARC = YES;
				CLANG_WARN_BOOL_CONVERSION = YES;
				CLANG_WARN_CONSTANT_CONVERSION = YES;
				CLANG_WARN_DIRECT_OBJC_ISA_USAGE = YES_ERROR;
				CLANG_WARN_DOCUMENTATION_COMMENTS = YES;
				CLANG_WARN_EMPTY_BODY = YES;
				CLANG_WARN_ENUM_CONVERSION = YES;
				CLANG_WARN_INFINITE_RECURSION = YES;
				CLANG_WARN_INT_CONVERSION = YES;
				CLANG_WARN_OBJC_ROOT_CLASS = YES_ERROR;
				CLANG_WARN_SUSPICIOUS_MOVES = YES;
				CLANG_WARN_UNREACHABLE_CODE = YES;
				CLANG_WARN__DUPLICATE_METHOD_MATCH = YES;
				"CODE_SIGN_IDENTITY[sdk=iphoneos*]" = "iPhone Developer";
				COPY_PHASE_STRIP = NO;
				DEBUG_INFORMATION_FORMAT = "dwarf-with-dsym";
				ENABLE_NS_ASSERTIONS = NO;
				ENABLE_STRICT_OBJC_MSGSEND = YES;
				GCC_C_LANGUAGE_STANDARD = gnu99;
				GCC_NO_COMMON_BLOCKS = YES;
				GCC_WARN_64_TO_32_BIT_CONVERSION = YES;
				GCC_WARN_ABOUT_RETURN_TYPE = YES_ERROR;
				GCC_WARN_UNDECLARED_SELECTOR = YES;
				GCC_WARN_UNINITIALIZED_AUTOS = YES_AGGRESSIVE;
				GCC_WARN_UNUSED_FUNCTION = YES;
				GCC_WARN_UNUSED_VARIABLE = YES;
				IPHONEOS_DEPLOYMENT_TARGET = 10.1;
				MTL_ENABLE_DEBUG_INFO = NO;
				SDKROOT = iphoneos;
				SWIFT_OPTIMIZATION_LEVEL = "-Owholemodule";
				VALIDATE_PRODUCT = YES;
			};
			name = Release;
		};
		6C8B2F651DE29D5A0003C1BF /* Debug */ = {
			isa = XCBuildConfiguration;
			buildSettings = {
				ASSETCATALOG_COMPILER_APPICON_NAME = AppIcon;
				INFOPLIST_FILE = BlogAnimatedArrow/Info.plist;
				LD_RUNPATH_SEARCH_PATHS = "$(inherited) @executable_path/Frameworks";
				PRODUCT_BUNDLE_IDENTIFIER = cc.stephenw.BlogAnimatedArrow;
				PRODUCT_NAME = "$(TARGET_NAME)";
				SWIFT_VERSION = 3.0;
			};
			name = Debug;
		};
		6C8B2F661DE29D5A0003C1BF /* Release */ = {
			isa = XCBuildConfiguration;
			buildSettings = {
				ASSETCATALOG_COMPILER_APPICON_NAME = AppIcon;
				INFOPLIST_FILE = BlogAnimatedArrow/Info.plist;
				LD_RUNPATH_SEARCH_PATHS = "$(inherited) @executable_path/Frameworks";
				PRODUCT_BUNDLE_IDENTIFIER = cc.stephenw.BlogAnimatedArrow;
				PRODUCT_NAME = "$(TARGET_NAME)";
				SWIFT_VERSION = 3.0;
			};
			name = Release;
		};
/* End XCBuildConfiguration section */

/* Begin XCConfigurationList section */
		6C8B2F4D1DE29D5A0003C1BF /* Build configuration list for PBXProject "BlogAnimatedArrow" */ = {
			isa = XCConfigurationList;
			buildConfigurations = (
				6C8B2F621DE29D5A0003C1BF /* Debug */,
				6C8B2F631DE29D5A0003C1BF /* Release */,
			);
			defaultConfigurationIsVisible = 0;
			defaultConfigurationName = Release;
		};
		6C8B2F641DE29D5A0003C1BF /* Build configuration list for PBXNativeTarget "BlogAnimatedArrow" */ = {
			isa = XCConfigurationList;
			buildConfigurations = (
				6C8B2F651DE29D5A0003C1BF /* Debug */,
				6C8B2F661DE29D5A0003C1BF /* Release */,
			);
			defaultConfigurationIsVisible = 0;
		};
/* End XCConfigurationList section */
	};
	rootObject = 6C8B2F4A1DE29D5A0003C1BF /* Project object */;
}
